
Microsoft Visual Studio Solution File, Format Version 12.00
# Visual Studio Version 16
VisualStudioVersion = 16.0.31829.152
MinimumVisualStudioVersion = 10.0.40219.1
Project("{FAE04EC0-301F-11D3-BF4B-00C04F79EFBC}") = "Principal", "Principal\Principal.csproj", "{51928C0E-A387-4C5A-9019-98E961892236}"
EndProject
Project("{FAE04EC0-301F-11D3-BF4B-00C04F79EFBC}") = "Revisao", "Revisao\Revisao.csproj", "{41CF42D8-7631-40CE-B3CB-D9E1A74B6562}"
EndProject
Global
	GlobalSection(SolutionConfigurationPlatforms) = preSolution
		Debug|Any CPU = Debug|Any CPU
		Release|Any CPU = Release|Any CPU
	EndGlobalSection
	GlobalSection(ProjectConfigurationPlatforms) = postSolution
		{51928C0E-A387-4C5A-9019-98E961892236}.Debug|Any CPU.ActiveCfg = Debug|Any CPU
		{51928C0E-A387-4C5A-9019-98E961892236}.Debug|Any CPU.Build.0 = Debug|Any CPU
		{51928C0E-A387-4C5A-9019-98E961892236}.Release|Any CPU.ActiveCfg = Release|Any CPU
		{51928C0E-A387-4C5A-9019-98E961892236}.Release|Any CPU.Build.0 = Release|Any CPU
		{41CF42D8-7631-40CE-B3CB-D9E1A74B6562}.Debug|Any CPU.ActiveCfg = Debug|Any CPU
		{41CF42D8-7631-40CE-B3CB-D9E1A74B6562}.Debug|Any CPU.Build.0 = Debug|Any CPU
		{41CF42D8-7631-40CE-B3CB-D9E1A74B6562}.Release|Any CPU.ActiveCfg = Release|Any CPU
		{41CF42D8-7631-40CE-B3CB-D9E1A74B6562}.Release|Any CPU.Build.0 = Release|Any CPU
	EndGlobalSection
	GlobalSection(SolutionProperties) = preSolution
		HideSolutionNode = FALSE
	EndGlobalSection
	GlobalSection(ExtensibilityGlobals) = postSolution
		SolutionGuid = {16270503-C2A3-4A7A-9E00-DB000E53E36C}
	EndGlobalSection
EndGlobal
